{
  "name": "mat-range-datepicker",
  "version": "0.2.0",
  "lockfileVersion": 1,
  "requires": true,
  "dependencies": {
    "@angular/cdk": {
      "version": "6.4.7",
      "resolved": "https://registry.npmjs.org/@angular/cdk/-/cdk-6.4.7.tgz",
      "integrity": "sha512-18x0U66fLD5kGQWZ9n3nb75xQouXlWs7kUDaTd8HTrHpT1s2QIAqlLd1KxfrYiVhsEC2jPQaoiae7VnBlcvkBg==",
      "requires": {
        "tslib": "^1.7.1"
      }
    },
    "tslib": {
      "version": "1.13.0",
      "resolved": "https://registry.npmjs.org/tslib/-/tslib-1.13.0.tgz",
      "integrity": "sha512-i/6DQjL8Xf3be4K/E6Wgpekn5Qasl1usyw++dAA35Ue5orEn65VIxOA+YvNNl9HV3qv70T7CNwjODHZrLwvd1Q=="
    }
  }
}
